
Microsoft Visual Studio Solution File, Format Version 12.00
# Visual Studio Version 17
VisualStudioVersion = 17.0.31903.59
MinimumVisualStudioVersion = 10.0.40219.1
Project("{FAE04EC0-301F-11D3-BF4B-00C04F79EFBC}") = "AvalancheBlockchain.Core", "AvalancheBlockchain.Core\AvalancheBlockchain.Core.csproj", "{F218CED3-42FB-4F4B-945E-4E0E8C3ECB56}"
EndProject
Project("{FAE04EC0-301F-11D3-BF4B-00C04F79EFBC}") = "AvalancheBlockchain.Demo", "AvalancheBlockchain.Demo\AvalancheBlockchain.Demo.csproj", "{FED5A640-6CA4-4EE6-9145-62AECBFBCAF1}"
EndProject
Project("{FAE04EC0-301F-11D3-BF4B-00C04F79EFBC}") = "AvalancheBlockchain.Tests", "AvalancheBlockchain.Tests\AvalancheBlockchain.Tests.csproj", "{3A3354D4-0AEF-437C-B58D-714159A1827D}"
EndProject
Global
	GlobalSection(SolutionConfigurationPlatforms) = preSolution
		Debug|Any CPU = Debug|Any CPU
		Debug|x64 = Debug|x64
		Debug|x86 = Debug|x86
		Release|Any CPU = Release|Any CPU
		Release|x64 = Release|x64
		Release|x86 = Release|x86
	EndGlobalSection
	GlobalSection(ProjectConfigurationPlatforms) = postSolution
		{F218CED3-42FB-4F4B-945E-4E0E8C3ECB56}.Debug|Any CPU.ActiveCfg = Debug|Any CPU
		{F218CED3-42FB-4F4B-945E-4E0E8C3ECB56}.Debug|Any CPU.Build.0 = Debug|Any CPU
		{F218CED3-42FB-4F4B-945E-4E0E8C3ECB56}.Debug|x64.ActiveCfg = Debug|Any CPU
		{F218CED3-42FB-4F4B-945E-4E0E8C3ECB56}.Debug|x64.Build.0 = Debug|Any CPU
		{F218CED3-42FB-4F4B-945E-4E0E8C3ECB56}.Debug|x86.ActiveCfg = Debug|Any CPU
		{F218CED3-42FB-4F4B-945E-4E0E8C3ECB56}.Debug|x86.Build.0 = Debug|Any CPU
		{F218CED3-42FB-4F4B-945E-4E0E8C3ECB56}.Release|Any CPU.ActiveCfg = Release|Any CPU
		{F218CED3-42FB-4F4B-945E-4E0E8C3ECB56}.Release|Any CPU.Build.0 = Release|Any CPU
		{F218CED3-42FB-4F4B-945E-4E0E8C3ECB56}.Release|x64.ActiveCfg = Release|Any CPU
		{F218CED3-42FB-4F4B-945E-4E0E8C3ECB56}.Release|x64.Build.0 = Release|Any CPU
		{F218CED3-42FB-4F4B-945E-4E0E8C3ECB56}.Release|x86.ActiveCfg = Release|Any CPU
		{F218CED3-42FB-4F4B-945E-4E0E8C3ECB56}.Release|x86.Build.0 = Release|Any CPU
		{FED5A640-6CA4-4EE6-9145-62AECBFBCAF1}.Debug|Any CPU.ActiveCfg = Debug|Any CPU
		{FED5A640-6CA4-4EE6-9145-62AECBFBCAF1}.Debug|Any CPU.Build.0 = Debug|Any CPU
		{FED5A640-6CA4-4EE6-9145-62AECBFBCAF1}.Debug|x64.ActiveCfg = Debug|Any CPU
		{FED5A640-6CA4-4EE6-9145-62AECBFBCAF1}.Debug|x64.Build.0 = Debug|Any CPU
		{FED5A640-6CA4-4EE6-9145-62AECBFBCAF1}.Debug|x86.ActiveCfg = Debug|Any CPU
		{FED5A640-6CA4-4EE6-9145-62AECBFBCAF1}.Debug|x86.Build.0 = Debug|Any CPU
		{FED5A640-6CA4-4EE6-9145-62AECBFBCAF1}.Release|Any CPU.ActiveCfg = Release|Any CPU
		{FED5A640-6CA4-4EE6-9145-62AECBFBCAF1}.Release|Any CPU.Build.0 = Release|Any CPU
		{FED5A640-6CA4-4EE6-9145-62AECBFBCAF1}.Release|x64.ActiveCfg = Release|Any CPU
		{FED5A640-6CA4-4EE6-9145-62AECBFBCAF1}.Release|x64.Build.0 = Release|Any CPU
		{FED5A640-6CA4-4EE6-9145-62AECBFBCAF1}.Release|x86.ActiveCfg = Release|Any CPU
		{FED5A640-6CA4-4EE6-9145-62AECBFBCAF1}.Release|x86.Build.0 = Release|Any CPU
		{3A3354D4-0AEF-437C-B58D-714159A1827D}.Debug|Any CPU.ActiveCfg = Debug|Any CPU
		{3A3354D4-0AEF-437C-B58D-714159A1827D}.Debug|Any CPU.Build.0 = Debug|Any CPU
		{3A3354D4-0AEF-437C-B58D-714159A1827D}.Debug|x64.ActiveCfg = Debug|Any CPU
		{3A3354D4-0AEF-437C-B58D-714159A1827D}.Debug|x64.Build.0 = Debug|Any CPU
		{3A3354D4-0AEF-437C-B58D-714159A1827D}.Debug|x86.ActiveCfg = Debug|Any CPU
		{3A3354D4-0AEF-437C-B58D-714159A1827D}.Debug|x86.Build.0 = Debug|Any CPU
		{3A3354D4-0AEF-437C-B58D-714159A1827D}.Release|Any CPU.ActiveCfg = Release|Any CPU
		{3A3354D4-0AEF-437C-B58D-714159A1827D}.Release|Any CPU.Build.0 = Release|Any CPU
		{3A3354D4-0AEF-437C-B58D-714159A1827D}.Release|x64.ActiveCfg = Release|Any CPU
		{3A3354D4-0AEF-437C-B58D-714159A1827D}.Release|x64.Build.0 = Release|Any CPU
		{3A3354D4-0AEF-437C-B58D-714159A1827D}.Release|x86.ActiveCfg = Release|Any CPU
		{3A3354D4-0AEF-437C-B58D-714159A1827D}.Release|x86.Build.0 = Release|Any CPU
	EndGlobalSection
	GlobalSection(SolutionProperties) = preSolution
		HideSolutionNode = FALSE
	EndGlobalSection
EndGlobal
